// !$*UTF8*$!
{
	archiveVersion = 1;
	classes = {
	};
	objectVersion = 56;
	objects = {

/* Begin PBXBuildFile section */
		DC8F296D2B9142AA009F6943 /* SWUApp.swift in Sources */ = {isa = PBXBuildFile; fileRef = DC8F296C2B9142AA009F6943 /* SWUApp.swift */; };
		DC8F296F2B9142AA009F6943 /* ContentView.swift in Sources */ = {isa = PBXBuildFile; fileRef = DC8F296E2B9142AA009F6943 /* ContentView.swift */; };
		DC8F29712B9142B3009F6943 /* Assets.xcassets in Resources */ = {isa = PBXBuildFile; fileRef = DC8F29702B9142B3009F6943 /* Assets.xcassets */; };
		DC8F29742B9142B3009F6943 /* Preview Assets.xcassets in Resources */ = {isa = PBXBuildFile; fileRef = DC8F29732B9142B3009F6943 /* Preview Assets.xcassets */; };
		DC8F297E2B9142B4009F6943 /* SWUTests.swift in Sources */ = {isa = PBXBuildFile; fileRef = DC8F297D2B9142B4009F6943 /* SWUTests.swift */; };
		DC8F29882B9142B4009F6943 /* SWUUITests.swift in Sources */ = {isa = PBXBuildFile; fileRef = DC8F29872B9142B4009F6943 /* SWUUITests.swift */; };
		DC8F298A2B9142B4009F6943 /* SWUUITestsLaunchTests.swift in Sources */ = {isa = PBXBuildFile; fileRef = DC8F29892B9142B4009F6943 /* SWUUITestsLaunchTests.swift */; };
/* End PBXBuildFile section */

/* Begin PBXContainerItemProxy section */
		DC8F297A2B9142B4009F6943 /* PBXContainerItemProxy */ = {
			isa = PBXContainerItemProxy;
			containerPortal = DC8F29612B9142AA009F6943 /* Project object */;
			proxyType = 1;
			remoteGlobalIDString = DC8F29682B9142AA009F6943;
			remoteInfo = SWU;
		};
		DC8F29842B9142B4009F6943 /* PBXContainerItemProxy */ = {
			isa = PBXContainerItemProxy;
			containerPortal = DC8F29612B9142AA009F6943 /* Project object */;
			proxyType = 1;
			remoteGlobalIDString = DC8F29682B9142AA009F6943;
			remoteInfo = SWU;
		};
/* End PBXContainerItemProxy section */

/* Begin PBXFileReference section */
		DC8F29692B9142AA009F6943 /* SWU.app */ = {isa = PBXFileReference; explicitFileType = wrapper.application; includeInIndex = 0; path = SWU.app; sourceTree = BUILT_PRODUCTS_DIR; };
		DC8F296C2B9142AA009F6943 /* SWUApp.swift */ = {isa = PBXFileReference; lastKnownFileType = sourcecode.swift; path = SWUApp.swift; sourceTree = "<group>"; };
		DC8F296E2B9142AA009F6943 /* ContentView.swift */ = {isa = PBXFileReference; lastKnownFileType = sourcecode.swift; path = ContentView.swift; sourceTree = "<group>"; };
		DC8F29702B9142B3009F6943 /* Assets.xcassets */ = {isa = PBXFileReference; lastKnownFileType = folder.assetcatalog; path = Assets.xcassets; sourceTree = "<group>"; };
		DC8F29732B9142B3009F6943 /* Preview Assets.xcassets */ = {isa = PBXFileReference; lastKnownFileType = folder.assetcatalog; path = "Preview Assets.xcassets"; sourceTree = "<group>"; };
		DC8F29792B9142B4009F6943 /* SWUTests.xctest */ = {isa = PBXFileReference; explicitFileType = wrapper.cfbundle; includeInIndex = 0; path = SWUTests.xctest; sourceTree = BUILT_PRODUCTS_DIR; };
		DC8F297D2B9142B4009F6943 /* SWUTests.swift */ = {isa = PBXFileReference; lastKnownFileType = sourcecode.swift; path = SWUTests.swift; sourceTree = "<group>"; };
		DC8F29832B9142B4009F6943 /* SWUUITests.xctest */ = {isa = PBXFileReference; explicitFileType = wrapper.cfbundle; includeInIndex = 0; path = SWUUITests.xctest; sourceTree = BUILT_PRODUCTS_DIR; };
		DC8F29872B9142B4009F6943 /* SWUUITests.swift */ = {isa = PBXFileReference; lastKnownFileType = sourcecode.swift; path = SWUUITests.swift; sourceTree = "<group>"; };
		DC8F29892B9142B4009F6943 /* SWUUITestsLaunchTests.swift */ = {isa = PBXFileReference; lastKnownFileType = sourcecode.swift; path = SWUUITestsLaunchTests.swift; sourceTree = "<group>"; };
/* End PBXFileReference section */

/* Begin PBXFrameworksBuildPhase section */
		DC8F29662B9142AA009F6943 /* Frameworks */ = {
			isa = PBXFrameworksBuildPhase;
			buildActionMask = 2147483647;
			files = (
			);
			runOnlyForDeploymentPostprocessing = 0;
		};
		DC8F29762B9142B4009F6943 /* Frameworks */ = {
			isa = PBXFrameworksBuildPhase;
			buildActionMask = 2147483647;
			files = (
			);
			runOnlyForDeploymentPostprocessing = 0;
		};
		DC8F29802B9142B4009F6943 /* Frameworks */ = {
			isa = PBXFrameworksBuildPhase;
			buildActionMask = 2147483647;
			files = (
			);
			runOnlyForDeploymentPostprocessing = 0;
		};
/* End PBXFrameworksBuildPhase section */

/* Begin PBXGroup section */
		DC8F29602B9142AA009F6943 = {
			isa = PBXGroup;
			children = (
				DC8F296B2B9142AA009F6943 /* SWU */,
				DC8F297C2B9142B4009F6943 /* SWUTests */,
				DC8F29862B9142B4009F6943 /* SWUUITests */,
				DC8F296A2B9142AA009F6943 /* Products */,
			);
			sourceTree = "<group>";
		};
		DC8F296A2B9142AA009F6943 /* Products */ = {
			isa = PBXGroup;
			children = (
				DC8F29692B9142AA009F6943 /* SWU.app */,
				DC8F29792B9142B4009F6943 /* SWUTests.xctest */,
				DC8F29832B9142B4009F6943 /* SWUUITests.xctest */,
			);
			name = Products;
			sourceTree = "<group>";
		};
		DC8F296B2B9142AA009F6943 /* SWU */ = {
			isa = PBXGroup;
			children = (
				DC8F296C2B9142AA009F6943 /* SWUApp.swift */,
				DC8F296E2B9142AA009F6943 /* ContentView.swift */,
				DC8F29702B9142B3009F6943 /* Assets.xcassets */,
				DC8F29722B9142B3009F6943 /* Preview Content */,
			);
			path = SWU;
			sourceTree = "<group>";
		};
		DC8F29722B9142B3009F6943 /* Preview Content */ = {
			isa = PBXGroup;
			children = (
				DC8F29732B9142B3009F6943 /* Preview Assets.xcassets */,
			);
			path = "Preview Content";
			sourceTree = "<group>";
		};
		DC8F297C2B9142B4009F6943 /* SWUTests */ = {
			isa = PBXGroup;
			children = (
				DC8F297D2B9142B4009F6943 /* SWUTests.swift */,
			);
			path = SWUTests;
			sourceTree = "<group>";
		};
		DC8F29862B9142B4009F6943 /* SWUUITests */ = {
			isa = PBXGroup;
			children = (
				DC8F29872B9142B4009F6943 /* SWUUITests.swift */,
				DC8F29892B9142B4009F6943 /* SWUUITestsLaunchTests.swift */,
			);
			path = SWUUITests;
			sourceTree = "<group>";
		};
/* End PBXGroup section */

/* Begin PBXNativeTarget section */
		DC8F29682B9142AA009F6943 /* SWU */ = {
			isa = PBXNativeTarget;
			buildConfigurationList = DC8F298D2B9142B4009F6943 /* Build configuration list for PBXNativeTarget "SWU" */;
			buildPhases = (
				DC8F29652B9142AA009F6943 /* Sources */,
				DC8F29662B9142AA009F6943 /* Frameworks */,
				DC8F29672B9142AA009F6943 /* Resources */,
			);
			buildRules = (
			);
			dependencies = (
			);
			name = SWU;
			productName = SWU;
			productReference = DC8F29692B9142AA009F6943 /* SWU.app */;
			productType = "com.apple.product-type.application";
		};
		DC8F29782B9142B4009F6943 /* SWUTests */ = {
			isa = PBXNativeTarget;
			buildConfigurationList = DC8F29902B9142B4009F6943 /* Build configuration list for PBXNativeTarget "SWUTests" */;
			buildPhases = (
				DC8F29752B9142B4009F6943 /* Sources */,
				DC8F29762B9142B4009F6943 /* Frameworks */,
				DC8F29772B9142B4009F6943 /* Resources */,
			);
			buildRules = (
			);
			dependencies = (
				DC8F297B2B9142B4009F6943 /* PBXTargetDependency */,
			);
			name = SWUTests;
			productName = SWUTests;
			productReference = DC8F29792B9142B4009F6943 /* SWUTests.xctest */;
			productType = "com.apple.product-type.bundle.unit-test";
		};
		DC8F29822B9142B4009F6943 /* SWUUITests */ = {
			isa = PBXNativeTarget;
			buildConfigurationList = DC8F29932B9142B4009F6943 /* Build configuration list for PBXNativeTarget "SWUUITests" */;
			buildPhases = (
				DC8F297F2B9142B4009F6943 /* Sources */,
				DC8F29802B9142B4009F6943 /* Frameworks */,
				DC8F29812B9142B4009F6943 /* Resources */,
			);
			buildRules = (
			);
			dependencies = (
				DC8F29852B9142B4009F6943 /* PBXTargetDependency */,
			);
			name = SWUUITests;
			productName = SWUUITests;
			productReference = DC8F29832B9142B4009F6943 /* SWUUITests.xctest */;
			productType = "com.apple.product-type.bundle.ui-testing";
		};
/* End PBXNativeTarget section */

/* Begin PBXProject section */
		DC8F29612B9142AA009F6943 /* Project object */ = {
			isa = PBXProject;
			attributes = {
				BuildIndependentTargetsInParallel = 1;
				LastSwiftUpdateCheck = 1520;
				LastUpgradeCheck = 1520;
				TargetAttributes = {
					DC8F29682B9142AA009F6943 = {
						CreatedOnToolsVersion = 15.2;
					};
					DC8F29782B9142B4009F6943 = {
						CreatedOnToolsVersion = 15.2;
						TestTargetID = DC8F29682B9142AA009F6943;
					};
					DC8F29822B9142B4009F6943 = {
						CreatedOnToolsVersion = 15.2;
						TestTargetID = DC8F29682B9142AA009F6943;
					};
				};
			};
			buildConfigurationList = DC8F29642B9142AA009F6943 /* Build configuration list for PBXProject "SWU" */;
			compatibilityVersion = "Xcode 14.0";
			developmentRegion = en;
			hasScannedForEncodings = 0;
			knownRegions = (
				en,
				Base,
			);
			mainGroup = DC8F29602B9142AA009F6943;
			productRefGroup = DC8F296A2B9142AA009F6943 /* Products */;
			projectDirPath = "";
			projectRoot = "";
			targets = (
				DC8F29682B9142AA009F6943 /* SWU */,
				DC8F29782B9142B4009F6943 /* SWUTests */,
				DC8F29822B9142B4009F6943 /* SWUUITests */,
			);
		};
/* End PBXProject section */

/* Begin PBXResourcesBuildPhase section */
		DC8F29672B9142AA009F6943 /* Resources */ = {
			isa = PBXResourcesBuildPhase;
			buildActionMask = 2147483647;
			files = (
				DC8F29742B9142B3009F6943 /* Preview Assets.xcassets in Resources */,
				DC8F29712B9142B3009F6943 /* Assets.xcassets in Resources */,
			);
			runOnlyForDeploymentPostprocessing = 0;
		};
		DC8F29772B9142B4009F6943 /* Resources */ = {
			isa = PBXResourcesBuildPhase;
			buildActionMask = 2147483647;
			files = (
			);
			runOnlyForDeploymentPostprocessing = 0;
		};
		DC8F29812B9142B4009F6943 /* Resources */ = {
			isa = PBXResourcesBuildPhase;
			buildActionMask = 2147483647;
			files = (
			);
			runOnlyForDeploymentPostprocessing = 0;
		};
/* End PBXResourcesBuildPhase section */

/* Begin PBXSourcesBuildPhase section */
		DC8F29652B9142AA009F6943 /* Sources */ = {
			isa = PBXSourcesBuildPhase;
			buildActionMask = 2147483647;
			files = (
				DC8F296F2B9142AA009F6943 /* ContentView.swift in Sources */,
				DC8F296D2B9142AA009F6943 /* SWUApp.swift in Sources */,
			);
			runOnlyForDeploymentPostprocessing = 0;
		};
		DC8F29752B9142B4009F6943 /* Sources */ = {
			isa = PBXSourcesBuildPhase;
			buildActionMask = 2147483647;
			files = (
				DC8F297E2B9142B4009F6943 /* SWUTests.swift in Sources */,
			);
			runOnlyForDeploymentPostprocessing = 0;
		};
		DC8F297F2B9142B4009F6943 /* Sources */ = {
			isa = PBXSourcesBuildPhase;
			buildActionMask = 2147483647;
			files = (
				DC8F298A2B9142B4009F6943 /* SWUUITestsLaunchTests.swift in Sources */,
				DC8F29882B9142B4009F6943 /* SWUUITests.swift in Sources */,
			);
			runOnlyForDeploymentPostprocessing = 0;
		};
/* End PBXSourcesBuildPhase section */

/* Begin PBXTargetDependency section */
		DC8F297B2B9142B4009F6943 /* PBXTargetDependency */ = {
			isa = PBXTargetDependency;
			target = DC8F29682B9142AA009F6943 /* SWU */;
			targetProxy = DC8F297A2B9142B4009F6943 /* PBXContainerItemProxy */;
		};
		DC8F29852B9142B4009F6943 /* PBXTargetDependency */ = {
			isa = PBXTargetDependency;
			target = DC8F29682B9142AA009F6943 /* SWU */;
			targetProxy = DC8F29842B9142B4009F6943 /* PBXContainerItemProxy */;
		};
/* End PBXTargetDependency section */

/* Begin XCBuildConfiguration section */
		DC8F298B2B9142B4009F6943 /* Debug */ = {
			isa = XCBuildConfiguration;
			buildSettings = {
				ALWAYS_SEARCH_USER_PATHS = NO;
				ASSETCATALOG_COMPILER_GENERATE_SWIFT_ASSET_SYMBOL_EXTENSIONS = YES;
				CLANG_ANALYZER_NONNULL = YES;
				CLANG_ANALYZER_NUMBER_OBJECT_CONVERSION = YES_AGGRESSIVE;
				CLANG_CXX_LANGUAGE_STANDARD = "gnu++20";
				CLANG_ENABLE_MODULES = YES;
				CLANG_ENABLE_OBJC_ARC = YES;
				CLANG_ENABLE_OBJC_WEAK = YES;
				CLANG_WARN_BLOCK_CAPTURE_AUTORELEASING = YES;
				CLANG_WARN_BOOL_CONVERSION = YES;
				CLANG_WARN_COMMA = YES;
				CLANG_WARN_CONSTANT_CONVERSION = YES;
				CLANG_WARN_DEPRECATED_OBJC_IMPLEMENTATIONS = YES;
				CLANG_WARN_DIRECT_OBJC_ISA_USAGE = YES_ERROR;
				CLANG_WARN_DOCUMENTATION_COMMENTS = YES;
				CLANG_WARN_EMPTY_BODY = YES;
				CLANG_WARN_ENUM_CONVERSION = YES;
				CLANG_WARN_INFINITE_RECURSION = YES;
				CLANG_WARN_INT_CONVERSION = YES;
				CLANG_WARN_NON_LITERAL_NULL_CONVERSION = YES;
				CLANG_WARN_OBJC_IMPLICIT_RETAIN_SELF = YES;
				CLANG_WARN_OBJC_LITERAL_CONVERSION = YES;
				CLANG_WARN_OBJC_ROOT_CLASS = YES_ERROR;
				CLANG_WARN_QUOTED_INCLUDE_IN_FRAMEWORK_HEADER = YES;
				CLANG_WARN_RANGE_LOOP_ANALYSIS = YES;
				CLANG_WARN_STRICT_PROTOTYPES = YES;
				CLANG_WARN_SUSPICIOUS_MOVE = YES;
				CLANG_WARN_UNGUARDED_AVAILABILITY = YES_AGGRESSIVE;
				CLANG_WARN_UNREACHABLE_CODE = YES;
				CLANG_WARN__DUPLICATE_METHOD_MATCH = YES;
				COPY_PHASE_STRIP = NO;
				DEBUG_INFORMATION_FORMAT = dwarf;
				ENABLE_STRICT_OBJC_MSGSEND = YES;
				ENABLE_TESTABILITY = YES;
				ENABLE_USER_SCRIPT_SANDBOXING = YES;
				GCC_C_LANGUAGE_STANDARD = gnu17;
				GCC_DYNAMIC_NO_PIC = NO;
				GCC_NO_COMMON_BLOCKS = YES;
				GCC_OPTIMIZATION_LEVEL = 0;
				GCC_PREPROCESSOR_DEFINITIONS = (
					"DEBUG=1",
					"$(inherited)",
				);
				GCC_WARN_64_TO_32_BIT_CONVERSION = YES;
				GCC_WARN_ABOUT_RETURN_TYPE = YES_ERROR;
				GCC_WARN_UNDECLARED_SELECTOR = YES;
				GCC_WARN_UNINITIALIZED_AUTOS = YES_AGGRESSIVE;
				GCC_WARN_UNUSED_FUNCTION = YES;
				GCC_WARN_UNUSED_VARIABLE = YES;
				IPHONEOS_DEPLOYMENT_TARGET = 17.2;
				LOCALIZATION_PREFERS_STRING_CATALOGS = YES;
				MTL_ENABLE_DEBUG_INFO = INCLUDE_SOURCE;
				MTL_FAST_MATH = YES;
				ONLY_ACTIVE_ARCH = YES;
				SDKROOT = iphoneos;
				SWIFT_ACTIVE_COMPILATION_CONDITIONS = "DEBUG $(inherited)";
				SWIFT_OPTIMIZATION_LEVEL = "-Onone";
			};
			name = Debug;
		};
		DC8F298C2B9142B4009F6943 /* Release */ = {
			isa = XCBuildConfiguration;
			buildSettings = {
				ALWAYS_SEARCH_USER_PATHS = NO;
				ASSETCATALOG_COMPILER_GENERATE_SWIFT_ASSET_SYMBOL_EXTENSIONS = YES;
				CLANG_ANALYZER_NONNULL = YES;
				CLANG_ANALYZER_NUMBER_OBJECT_CONVERSION = YES_AGGRESSIVE;
				CLANG_CXX_LANGUAGE_STANDARD = "gnu++20";
				CLANG_ENABLE_MODULES = YES;
				CLANG_ENABLE_OBJC_ARC = YES;
				CLANG_ENABLE_OBJC_WEAK = YES;
				CLANG_WARN_BLOCK_CAPTURE_AUTORELEASING = YES;
				CLANG_WARN_BOOL_CONVERSION = YES;
				CLANG_WARN_COMMA = YES;
				CLANG_WARN_CONSTANT_CONVERSION = YES;
				CLANG_WARN_DEPRECATED_OBJC_IMPLEMENTATIONS = YES;
				CLANG_WARN_DIRECT_OBJC_ISA_USAGE = YES_ERROR;
				CLANG_WARN_DOCUMENTATION_COMMENTS = YES;
				CLANG_WARN_EMPTY_BODY = YES;
				CLANG_WARN_ENUM_CONVERSION = YES;
				CLANG_WARN_INFINITE_RECURSION = YES;
				CLANG_WARN_INT_CONVERSION = YES;
				CLANG_WARN_NON_LITERAL_NULL_CONVERSION = YES;
				CLANG_WARN_OBJC_IMPLICIT_RETAIN_SELF = YES;
				CLANG_WARN_OBJC_LITERAL_CONVERSION = YES;
				CLANG_WARN_OBJC_ROOT_CLASS = YES_ERROR;
				CLANG_WARN_QUOTED_INCLUDE_IN_FRAMEWORK_HEADER = YES;
				CLANG_WARN_RANGE_LOOP_ANALYSIS = YES;
				CLANG_WARN_STRICT_PROTOTYPES = YES;
				CLANG_WARN_SUSPICIOUS_MOVE = YES;
				CLANG_WARN_UNGUARDED_AVAILABILITY = YES_AGGRESSIVE;
				CLANG_WARN_UNREACHABLE_CODE = YES;
				CLANG_WARN__DUPLICATE_METHOD_MATCH = YES;
				COPY_PHASE_STRIP = NO;
				DEBUG_INFORMATION_FORMAT = "dwarf-with-dsym";
				ENABLE_NS_ASSERTIONS = NO;
				ENABLE_STRICT_OBJC_MSGSEND = YES;
				ENABLE_USER_SCRIPT_SANDBOXING = YES;
				GCC_C_LANGUAGE_STANDARD = gnu17;
				GCC_NO_COMMON_BLOCKS = YES;
				GCC_WARN_64_TO_32_BIT_CONVERSION = YES;
				GCC_WARN_ABOUT_RETURN_TYPE = YES_ERROR;
				GCC_WARN_UNDECLARED_SELECTOR = YES;
				GCC_WARN_UNINITIALIZED_AUTOS = YES_AGGRESSIVE;
				GCC_WARN_UNUSED_FUNCTION = YES;
				GCC_WARN_UNUSED_VARIABLE = YES;
				IPHONEOS_DEPLOYMENT_TARGET = 17.2;
				LOCALIZATION_PREFERS_STRING_CATALOGS = YES;
				MTL_ENABLE_DEBUG_INFO = NO;
				MTL_FAST_MATH = YES;
				SDKROOT = iphoneos;
				SWIFT_COMPILATION_MODE = wholemodule;
				VALIDATE_PRODUCT = YES;
			};
			name = Release;
		};
		DC8F298E2B9142B4009F6943 /* Debug */ = {
			isa = XCBuildConfiguration;
			buildSettings = {
				ASSETCATALOG_COMPILER_APPICON_NAME = AppIcon;
				ASSETCATALOG_COMPILER_GLOBAL_ACCENT_COLOR_NAME = AccentColor;
				CODE_SIGN_STYLE = Automatic;
				CURRENT_PROJECT_VERSION = 1;
				DEVELOPMENT_ASSET_PATHS = "\"SWU/Preview Content\"";
				DEVELOPMENT_TEAM = AW2CJM8449;
				ENABLE_PREVIEWS = YES;
				GENERATE_INFOPLIST_FILE = YES;
				INFOPLIST_KEY_UIApplicationSceneManifest_Generation = YES;
				INFOPLIST_KEY_UIApplicationSupportsIndirectInputEvents = YES;
				INFOPLIST_KEY_UILaunchScreen_Generation = YES;
				INFOPLIST_KEY_UISupportedInterfaceOrientations_iPad = "UIInterfaceOrientationPortrait UIInterfaceOrientationPortraitUpsideDown UIInterfaceOrientationLandscapeLeft UIInterfaceOrientationLandscapeRight";
				INFOPLIST_KEY_UISupportedInterfaceOrientations_iPhone = "UIInterfaceOrientationPortrait UIInterfaceOrientationLandscapeLeft UIInterfaceOrientationLandscapeRight";
				LD_RUNPATH_SEARCH_PATHS = (
					"$(inherited)",
					"@executable_path/Frameworks",
				);
				MARKETING_VERSION = 1.0;
				PRODUCT_BUNDLE_IDENTIFIER = com.scottnha.SWU;
				PRODUCT_NAME = "$(TARGET_NAME)";
				SWIFT_EMIT_LOC_STRINGS = YES;
				SWIFT_VERSION = 5.0;
				TARGETED_DEVICE_FAMILY = "1,2";
			};
			name = Debug;
		};
		DC8F298F2B9142B4009F6943 /* Release */ = {
			isa = XCBuildConfiguration;
			buildSettings = {
				ASSETCATALOG_COMPILER_APPICON_NAME = AppIcon;
				ASSETCATALOG_COMPILER_GLOBAL_ACCENT_COLOR_NAME = AccentColor;
				CODE_SIGN_STYLE = Automatic;
				CURRENT_PROJECT_VERSION = 1;
				DEVELOPMENT_ASSET_PATHS = "\"SWU/Preview Content\"";
				DEVELOPMENT_TEAM = AW2CJM8449;
				ENABLE_PREVIEWS = YES;
				GENERATE_INFOPLIST_FILE = YES;
				INFOPLIST_KEY_UIApplicationSceneManifest_Generation = YES;
				INFOPLIST_KEY_UIApplicationSupportsIndirectInputEvents = YES;
				INFOPLIST_KEY_UILaunchScreen_Generation = YES;
				INFOPLIST_KEY_UISupportedInterfaceOrientations_iPad = "UIInterfaceOrientationPortrait UIInterfaceOrientationPortraitUpsideDown UIInterfaceOrientationLandscapeLeft UIInterfaceOrientationLandscapeRight";
				INFOPLIST_KEY_UISupportedInterfaceOrientations_iPhone = "UIInterfaceOrientationPortrait UIInterfaceOrientationLandscapeLeft UIInterfaceOrientationLandscapeRight";
				LD_RUNPATH_SEARCH_PATHS = (
					"$(inherited)",
					"@executable_path/Frameworks",
				);
				MARKETING_VERSION = 1.0;
				PRODUCT_BUNDLE_IDENTIFIER = com.scottnha.SWU;
				PRODUCT_NAME = "$(TARGET_NAME)";
				SWIFT_EMIT_LOC_STRINGS = YES;
				SWIFT_VERSION = 5.0;
				TARGETED_DEVICE_FAMILY = "1,2";
			};
			name = Release;
		};
		DC8F29912B9142B4009F6943 /* Debug */ = {
			isa = XCBuildConfiguration;
			buildSettings = {
				ALWAYS_EMBED_SWIFT_STANDARD_LIBRARIES = YES;
				BUNDLE_LOADER = "$(TEST_HOST)";
				CODE_SIGN_STYLE = Automatic;
				CURRENT_PROJECT_VERSION = 1;
				DEVELOPMENT_TEAM = AW2CJM8449;
				GENERATE_INFOPLIST_FILE = YES;
				IPHONEOS_DEPLOYMENT_TARGET = 17.2;
				MARKETING_VERSION = 1.0;
				PRODUCT_BUNDLE_IDENTIFIER = com.scottnha.SWUTests;
				PRODUCT_NAME = "$(TARGET_NAME)";
				SWIFT_EMIT_LOC_STRINGS = NO;
				SWIFT_VERSION = 5.0;
				TARGETED_DEVICE_FAMILY = "1,2";
				TEST_HOST = "$(BUILT_PRODUCTS_DIR)/SWU.app/$(BUNDLE_EXECUTABLE_FOLDER_PATH)/SWU";
			};
			name = Debug;
		};
		DC8F29922B9142B4009F6943 /* Release */ = {
			isa = XCBuildConfiguration;
			buildSettings = {
				ALWAYS_EMBED_SWIFT_STANDARD_LIBRARIES = YES;
				BUNDLE_LOADER = "$(TEST_HOST)";
				CODE_SIGN_STYLE = Automatic;
				CURRENT_PROJECT_VERSION = 1;
				DEVELOPMENT_TEAM = AW2CJM8449;
				GENERATE_INFOPLIST_FILE = YES;
				IPHONEOS_DEPLOYMENT_TARGET = 17.2;
				MARKETING_VERSION = 1.0;
				PRODUCT_BUNDLE_IDENTIFIER = com.scottnha.SWUTests;
				PRODUCT_NAME = "$(TARGET_NAME)";
				SWIFT_EMIT_LOC_STRINGS = NO;
				SWIFT_VERSION = 5.0;
				TARGETED_DEVICE_FAMILY = "1,2";
				TEST_HOST = "$(BUILT_PRODUCTS_DIR)/SWU.app/$(BUNDLE_EXECUTABLE_FOLDER_PATH)/SWU";
			};
			name = Release;
		};
		DC8F29942B9142B4009F6943 /* Debug */ = {
			isa = XCBuildConfiguration;
			buildSettings = {
				ALWAYS_EMBED_SWIFT_STANDARD_LIBRARIES = YES;
				CODE_SIGN_STYLE = Automatic;
				CURRENT_PROJECT_VERSION = 1;
				DEVELOPMENT_TEAM = AW2CJM8449;
				GENERATE_INFOPLIST_FILE = YES;
				MARKETING_VERSION = 1.0;
				PRODUCT_BUNDLE_IDENTIFIER = com.scottnha.SWUUITests;
				PRODUCT_NAME = "$(TARGET_NAME)";
				SWIFT_EMIT_LOC_STRINGS = NO;
				SWIFT_VERSION = 5.0;
				TARGETED_DEVICE_FAMILY = "1,2";
				TEST_TARGET_NAME = SWU;
			};
			name = Debug;
		};
		DC8F29952B9142B4009F6943 /* Release */ = {
			isa = XCBuildConfiguration;
			buildSettings = {
				ALWAYS_EMBED_SWIFT_STANDARD_LIBRARIES = YES;
				CODE_SIGN_STYLE = Automatic;
				CURRENT_PROJECT_VERSION = 1;
				DEVELOPMENT_TEAM = AW2CJM8449;
				GENERATE_INFOPLIST_FILE = YES;
				MARKETING_VERSION = 1.0;
				PRODUCT_BUNDLE_IDENTIFIER = com.scottnha.SWUUITests;
				PRODUCT_NAME = "$(TARGET_NAME)";
				SWIFT_EMIT_LOC_STRINGS = NO;
				SWIFT_VERSION = 5.0;
				TARGETED_DEVICE_FAMILY = "1,2";
				TEST_TARGET_NAME = SWU;
			};
			name = Release;
		};
/* End XCBuildConfiguration section */

/* Begin XCConfigurationList section */
		DC8F29642B9142AA009F6943 /* Build configuration list for PBXProject "SWU" */ = {
			isa = XCConfigurationList;
			buildConfigurations = (
				DC8F298B2B9142B4009F6943 /* Debug */,
				DC8F298C2B9142B4009F6943 /* Release */,
			);
			defaultConfigurationIsVisible = 0;
			defaultConfigurationName = Release;
		};
		DC8F298D2B9142B4009F6943 /* Build configuration list for PBXNativeTarget "SWU" */ = {
			isa = XCConfigurationList;
			buildConfigurations = (
				DC8F298E2B9142B4009F6943 /* Debug */,
				DC8F298F2B9142B4009F6943 /* Release */,
			);
			defaultConfigurationIsVisible = 0;
			defaultConfigurationName = Release;
		};
		DC8F29902B9142B4009F6943 /* Build configuration list for PBXNativeTarget "SWUTests" */ = {
			isa = XCConfigurationList;
			buildConfigurations = (
				DC8F29912B9142B4009F6943 /* Debug */,
				DC8F29922B9142B4009F6943 /* Release */,
			);
			defaultConfigurationIsVisible = 0;
			defaultConfigurationName = Release;
		};
		DC8F29932B9142B4009F6943 /* Build configuration list for PBXNativeTarget "SWUUITests" */ = {
			isa = XCConfigurationList;
			buildConfigurations = (
				DC8F29942B9142B4009F6943 /* Debug */,
				DC8F29952B9142B4009F6943 /* Release */,
			);
			defaultConfigurationIsVisible = 0;
			defaultConfigurationName = Release;
		};
/* End XCConfigurationList section */
	};
	rootObject = DC8F29612B9142AA009F6943 /* Project object */;
}
